<?xml version="1.0" encoding="UTF-8"?>
<CONFIG>
  <ProjectOptions>
    <Version Value="11"/>
    <General>
      <Flags>
        <MainUnitHasUsesSectionForAllUnits Value="False"/>
        <MainUnitHasCreateFormStatements Value="False"/>
        <MainUnitHasTitleStatement Value="False"/>
        <MainUnitHasScaledStatement Value="False"/>
      </Flags>
      <SessionStorage Value="InProjectDir"/>
      <MainUnit Value="0"/>
      <Title Value="heidisql"/>
      <UseAppBundle Value="False"/>
      <ResourceType Value="res"/>
    </General>
    <BuildModes Count="1">
      <Item1 Name="Default" Default="True"/>
    </BuildModes>
    <PublishOptions>
      <Version Value="2"/>
    </PublishOptions>
    <RunParams>
      <FormatVersion Value="2"/>
      <Modes Count="1">
        <Mode0 Name="default"/>
      </Modes>
    </RunParams>
    <RequiredPackages Count="4">
      <Item1>
        <PackageName Value="SQLDBLaz"/>
      </Item1>
      <Item2>
        <PackageName Value="virtualtreeview_package"/>
      </Item2>
      <Item3>
        <PackageName Value="SynEdit"/>
      </Item3>
      <Item4>
        <PackageName Value="LCL"/>
      </Item4>
    </RequiredPackages>
    <Units Count="48">
      <Unit0>
        <Filename Value="heidisql.dpr"/>
        <IsPartOfProject Value="True"/>
      </Unit0>
      <Unit1>
        <Filename Value="../../source/main.pas"/>
        <IsPartOfProject Value="True"/>
        <ComponentName Value="MainForm"/>
        <HasResources Value="True"/>
        <ResourceBaseClass Value="Form"/>
        <UnitName Value="Main"/>
      </Unit1>
      <Unit2>
        <Filename Value="../../source/about.pas"/>
        <IsPartOfProject Value="True"/>
        <HasResources Value="True"/>
        <UnitName Value="About"/>
      </Unit2>
      <Unit3>
        <Filename Value="../../source/connections.pas"/>
        <IsPartOfProject Value="True"/>
        <HasResources Value="True"/>
      </Unit3>
      <Unit4>
        <Filename Value="../../source/loaddata.pas"/>
        <IsPartOfProject Value="True"/>
        <HasResources Value="True"/>
      </Unit4>
      <Unit5>
        <Filename Value="../../source/usermanager.pas"/>
        <IsPartOfProject Value="True"/>
        <HasResources Value="True"/>
      </Unit5>
      <Unit6>
        <Filename Value="../../source/options.pas"/>
        <IsPartOfProject Value="True"/>
        <HasResources Value="True"/>
      </Unit6>
      <Unit7>
        <Filename Value="../../source/tabletools.pas"/>
        <IsPartOfProject Value="True"/>
        <HasResources Value="True"/>
      </Unit7>
      <Unit8>
        <Filename Value="../../source/printlist.pas"/>
        <IsPartOfProject Value="True"/>
        <HasResources Value="True"/>
      </Unit8>
      <Unit9>
        <Filename Value="../../source/copytable.pas"/>
        <IsPartOfProject Value="True"/>
        <HasResources Value="True"/>
      </Unit9>
      <Unit10>
        <Filename Value="../../source/insertfiles.pas"/>
        <IsPartOfProject Value="True"/>
        <HasResources Value="True"/>
      </Unit10>
      <Unit11>
        <Filename Value="../../source/apphelpers.pas"/>
        <IsPartOfProject Value="True"/>
      </Unit11>
      <Unit12>
        <Filename Value="../../source/sqlhelp.pas"/>
        <IsPartOfProject Value="True"/>
        <HasResources Value="True"/>
      </Unit12>
      <Unit13>
        <Filename Value="../../source/mysql_structures.pas"/>
        <IsPartOfProject Value="True"/>
      </Unit13>
      <Unit14>
        <Filename Value="../../source/column_selection.pas"/>
        <IsPartOfProject Value="True"/>
        <HasResources Value="True"/>
      </Unit14>
      <Unit15>
        <Filename Value="../../source/data_sorting.pas"/>
        <IsPartOfProject Value="True"/>
        <HasResources Value="True"/>
      </Unit15>
      <Unit16>
        <Filename Value="../../source/createdatabase.pas"/>
        <IsPartOfProject Value="True"/>
        <HasResources Value="True"/>
      </Unit16>
      <Unit17>
        <Filename Value="../../source/updatecheck.pas"/>
        <IsPartOfProject Value="True"/>
        <HasResources Value="True"/>
      </Unit17>
      <Unit18>
        <Filename Value="../../source/editvar.pas"/>
        <IsPartOfProject Value="True"/>
        <HasResources Value="True"/>
      </Unit18>
      <Unit19>
        <Filename Value="../../source/view.pas"/>
        <IsPartOfProject Value="True"/>
        <HasResources Value="True"/>
      </Unit19>
      <Unit20>
        <Filename Value="../../source/selectdbobject.pas"/>
        <IsPartOfProject Value="True"/>
        <HasResources Value="True"/>
      </Unit20>
      <Unit21>
        <Filename Value="../../source/texteditor.pas"/>
        <IsPartOfProject Value="True"/>
        <HasResources Value="True"/>
      </Unit21>
      <Unit22>
        <Filename Value="../../source/bineditor.pas"/>
        <IsPartOfProject Value="True"/>
        <HasResources Value="True"/>
      </Unit22>
      <Unit23>
        <Filename Value="../../source/grideditlinks.pas"/>
        <IsPartOfProject Value="True"/>
      </Unit23>
      <Unit24>
        <Filename Value="../../source/routine_editor.pas"/>
        <IsPartOfProject Value="True"/>
        <HasResources Value="True"/>
      </Unit24>
      <Unit25>
        <Filename Value="../../source/table_editor.pas"/>
        <IsPartOfProject Value="True"/>
        <HasResources Value="True"/>
      </Unit25>
      <Unit26>
        <Filename Value="../../source/dbconnection.pas"/>
        <IsPartOfProject Value="True"/>
      </Unit26>
      <Unit27>
        <Filename Value="../../source/trigger_editor.pas"/>
        <IsPartOfProject Value="True"/>
        <HasResources Value="True"/>
      </Unit27>
      <Unit28>
        <Filename Value="../../source/searchreplace.pas"/>
        <IsPartOfProject Value="True"/>
        <HasResources Value="True"/>
      </Unit28>
      <Unit29>
        <Filename Value="../../source/event_editor.pas"/>
        <IsPartOfProject Value="True"/>
        <HasResources Value="True"/>
      </Unit29>
      <Unit30>
        <Filename Value="../../source/loginform.pas"/>
        <IsPartOfProject Value="True"/>
        <HasResources Value="True"/>
      </Unit30>
      <Unit31>
        <Filename Value="../../source/Cromis.DirectoryWatch.pas"/>
        <IsPartOfProject Value="True"/>
      </Unit31>
      <Unit32>
        <Filename Value="../../source/exportgrid.pas"/>
        <IsPartOfProject Value="True"/>
        <HasResources Value="True"/>
      </Unit32>
      <Unit33>
        <Filename Value="../../source/syncdb.pas"/>
        <IsPartOfProject Value="True"/>
        <HasResources Value="True"/>
      </Unit33>
      <Unit34>
        <Filename Value="../../source/JumpList.pas"/>
        <IsPartOfProject Value="True"/>
      </Unit34>
      <Unit35>
        <Filename Value="../../source/extra_controls.pas"/>
        <IsPartOfProject Value="True"/>
      </Unit35>
      <Unit36>
        <Filename Value="../../source/change_password.pas"/>
        <IsPartOfProject Value="True"/>
        <HasResources Value="True"/>
      </Unit36>
      <Unit37>
        <Filename Value="../../source/Vcl.FormsFix.pas"/>
        <IsPartOfProject Value="True"/>
      </Unit37>
      <Unit38>
        <Filename Value="../../source/synregexpr.pas"/>
        <IsPartOfProject Value="True"/>
        <UnitName Value="SynRegExpr"/>
      </Unit38>
      <Unit39>
        <Filename Value="../../source/gnugettext2.pas"/>
        <IsPartOfProject Value="True"/>
      </Unit39>
      <Unit40>
        <Filename Value="../../source/sqldbconnection.pas"/>
        <IsPartOfProject Value="True"/>
        <UnitName Value="SQLDBConnection"/>
      </Unit40>
      <Unit41>
        <Filename Value="../../source/missingandconversions.pas"/>
        <IsPartOfProject Value="True"/>
        <UnitName Value="MissingAndConversions"/>
      </Unit41>
      <Unit42>
        <Filename Value="../../components/generics.collections/src/generics.strings.pas"/>
        <IsPartOfProject Value="True"/>
        <UnitName Value="Generics.Strings"/>
      </Unit42>
      <Unit43>
        <Filename Value="../../components/generics.collections/src/generics.helpers.pas"/>
        <IsPartOfProject Value="True"/>
        <UnitName Value="Generics.Helpers"/>
      </Unit43>
      <Unit44>
        <Filename Value="../../components/generics.collections/src/generics.collections.pas"/>
        <IsPartOfProject Value="True"/>
      </Unit44>
      <Unit45>
        <Filename Value="../../components/generics.collections/src/generics.defaults.pas"/>
        <IsPartOfProject Value="True"/>
      </Unit45>
      <Unit46>
        <Filename Value="../../components/generics.collections/src/generics.hashes.pas"/>
        <IsPartOfProject Value="True"/>
      </Unit46>
      <Unit47>
        <Filename Value="../../components/generics.collections/src/generics.memoryexpanders.pas"/>
        <IsPartOfProject Value="True"/>
      </Unit47>
    </Units>
  </ProjectOptions>
  <CompilerOptions>
    <Version Value="11"/>
    <SearchPaths>
      <IncludeFiles Value="../../source;../../components/generics.collections/src;$(ProjOutDir)"/>
      <Libraries Value="../../components/generics.collections;../../components/generics.collections/lib/x86_64-linux"/>
      <OtherUnitFiles Value="../../source;../../components/generics.collections;../../components/generics.collections/src"/>
      <UnitOutputDirectory Value="lib/$(TargetCPU)-$(TargetOS)"/>
    </SearchPaths>
    <Parsing>
      <SyntaxOptions>
        <SyntaxMode Value="Delphi"/>
      </SyntaxOptions>
    </Parsing>
    <Linking>
      <Options>
        <Win32>
          <GraphicApplication Value="True"/>
        </Win32>
      </Options>
    </Linking>
    <Other>
      <CustomOptions Value="-dBorland -dVer150 -dDelphi7 -dCompiler6_Up -dPUREPASCAL"/>
    </Other>
  </CompilerOptions>
  <Debugging>
    <Exceptions Count="3">
      <Item1>
        <Name Value="EAbort"/>
      </Item1>
      <Item2>
        <Name Value="ECodetoolError"/>
      </Item2>
      <Item3>
        <Name Value="EFOpenError"/>
      </Item3>
    </Exceptions>
  </Debugging>
</CONFIG>
